
Microsoft Visual Studio Solution File, Format Version 12.00
# Visual Studio Version 17
VisualStudioVersion = 17.11.35327.3
MinimumVisualStudioVersion = 10.0.40219.1
Project("{FAE04EC0-301F-11D3-BF4B-00C04F79EFBC}") = "backend", "backend.csproj", "{567E1BB2-8A87-43EE-A31B-493F10345A83}"
EndProject
Global
	GlobalSection(SolutionConfigurationPlatforms) = preSolution
		Debug|Any CPU = Debug|Any CPU
		Release|Any CPU = Release|Any CPU
	EndGlobalSection
	GlobalSection(ProjectConfigurationPlatforms) = postSolution
		{567E1BB2-8A87-43EE-A31B-493F10345A83}.Debug|Any CPU.ActiveCfg = Debug|Any CPU
		{567E1BB2-8A87-43EE-A31B-493F10345A83}.Debug|Any CPU.Build.0 = Debug|Any CPU
		{567E1BB2-8A87-43EE-A31B-493F10345A83}.Release|Any CPU.ActiveCfg = Release|Any CPU
		{567E1BB2-8A87-43EE-A31B-493F10345A83}.Release|Any CPU.Build.0 = Release|Any CPU
	EndGlobalSection
	GlobalSection(SolutionProperties) = preSolution
		HideSolutionNode = FALSE
	EndGlobalSection
	GlobalSection(ExtensibilityGlobals) = postSolution
		SolutionGuid = {A62D7C67-D5C3-4C65-9DD7-64B50289DC27}
	EndGlobalSection
EndGlobal
